
Microsoft Visual Studio Solution File, Format Version 12.00
# Visual Studio Version 17
VisualStudioVersion = 17.3.32929.385
MinimumVisualStudioVersion = 10.0.40219.1
Project("{FAE04EC0-301F-11D3-BF4B-00C04F79EFBC}") = "KaizenCase", "KaizenCase\KaizenCase.csproj", "{5BDCA7A4-0C49-4F82-8DC5-DE7FA615A662}"
EndProject
Project("{FAE04EC0-301F-11D3-BF4B-00C04F79EFBC}") = "KaizenCase2", "KaizenCase2\KaizenCase2.csproj", "{9E87BA99-44F9-4CE0-9017-96D2D585B8E7}"
EndProject
Global
	GlobalSection(SolutionConfigurationPlatforms) = preSolution
		Debug|Any CPU = Debug|Any CPU
		Release|Any CPU = Release|Any CPU
	EndGlobalSection
	GlobalSection(ProjectConfigurationPlatforms) = postSolution
		{5BDCA7A4-0C49-4F82-8DC5-DE7FA615A662}.Debug|Any CPU.ActiveCfg = Debug|Any CPU
		{5BDCA7A4-0C49-4F82-8DC5-DE7FA615A662}.Debug|Any CPU.Build.0 = Debug|Any CPU
		{5BDCA7A4-0C49-4F82-8DC5-DE7FA615A662}.Release|Any CPU.ActiveCfg = Release|Any CPU
		{5BDCA7A4-0C49-4F82-8DC5-DE7FA615A662}.Release|Any CPU.Build.0 = Release|Any CPU
		{9E87BA99-44F9-4CE0-9017-96D2D585B8E7}.Debug|Any CPU.ActiveCfg = Debug|Any CPU
		{9E87BA99-44F9-4CE0-9017-96D2D585B8E7}.Debug|Any CPU.Build.0 = Debug|Any CPU
		{9E87BA99-44F9-4CE0-9017-96D2D585B8E7}.Release|Any CPU.ActiveCfg = Release|Any CPU
		{9E87BA99-44F9-4CE0-9017-96D2D585B8E7}.Release|Any CPU.Build.0 = Release|Any CPU
	EndGlobalSection
	GlobalSection(SolutionProperties) = preSolution
		HideSolutionNode = FALSE
	EndGlobalSection
	GlobalSection(ExtensibilityGlobals) = postSolution
		SolutionGuid = {D4698C09-2D4B-4E4E-A263-354495585839}
	EndGlobalSection
EndGlobal
